
Microsoft Visual Studio Solution File, Format Version 12.00
Project("{FAE04EC0-301F-11D3-BF4B-00C04F79EFBC}") = "MonsterClearPlugin", "MonsterClearPlugin.csproj", "{EAE333D7-A611-4922-B1B4-AA4BAE3B8372}"
EndProject
Global
	GlobalSection(SolutionConfigurationPlatforms) = preSolution
		Debug|Any CPU = Debug|Any CPU
		Release|Any CPU = Release|Any CPU
	EndGlobalSection
	GlobalSection(ProjectConfigurationPlatforms) = postSolution
		{EAE333D7-A611-4922-B1B4-AA4BAE3B8372}.Debug|Any CPU.ActiveCfg = Debug|Any CPU
		{EAE333D7-A611-4922-B1B4-AA4BAE3B8372}.Debug|Any CPU.Build.0 = Debug|Any CPU
		{EAE333D7-A611-4922-B1B4-AA4BAE3B8372}.Release|Any CPU.ActiveCfg = Release|Any CPU
		{EAE333D7-A611-4922-B1B4-AA4BAE3B8372}.Release|Any CPU.Build.0 = Release|Any CPU
	EndGlobalSection
EndGlobal
